
Microsoft Visual Studio Solution File, Format Version 12.00
Project("{FAE04EC0-301F-11D3-BF4B-00C04F79EFBC}") = "PullSDK_core", "PullSDK_core\PullSDK_core.csproj", "{70262603-55AF-4B2F-9902-B9EBE7781ADE}"
EndProject
Global
	GlobalSection(SolutionConfigurationPlatforms) = preSolution
		Debug|Any CPU = Debug|Any CPU
		Release|Any CPU = Release|Any CPU
	EndGlobalSection
	GlobalSection(ProjectConfigurationPlatforms) = postSolution
		{70262603-55AF-4B2F-9902-B9EBE7781ADE}.Debug|Any CPU.ActiveCfg = Debug|Any CPU
		{70262603-55AF-4B2F-9902-B9EBE7781ADE}.Debug|Any CPU.Build.0 = Debug|Any CPU
		{70262603-55AF-4B2F-9902-B9EBE7781ADE}.Release|Any CPU.ActiveCfg = Release|Any CPU
		{70262603-55AF-4B2F-9902-B9EBE7781ADE}.Release|Any CPU.Build.0 = Release|Any CPU
	EndGlobalSection
EndGlobal
