
Microsoft Visual Studio Solution File, Format Version 11.00
# Visual Studio 2010
# SharpDevelop 5.1
Project("{FAE04EC0-301F-11D3-BF4B-00C04F79EFBC}") = "PullSDK", "PullSDK.csproj", "{310B11FB-5082-4719-BAAC-CAD5AB87D209}"
EndProject
Global
	GlobalSection(SolutionConfigurationPlatforms) = preSolution
		Debug|Any CPU = Debug|Any CPU
		Release|Any CPU = Release|Any CPU
	EndGlobalSection
	GlobalSection(ProjectConfigurationPlatforms) = postSolution
		{310B11FB-5082-4719-BAAC-CAD5AB87D209}.Debug|Any CPU.ActiveCfg = Debug|x86
		{310B11FB-5082-4719-BAAC-CAD5AB87D209}.Debug|Any CPU.Build.0 = Debug|x86
		{310B11FB-5082-4719-BAAC-CAD5AB87D209}.Release|Any CPU.ActiveCfg = Release|x86
		{310B11FB-5082-4719-BAAC-CAD5AB87D209}.Release|Any CPU.Build.0 = Release|x86
	EndGlobalSection
EndGlobal
